
Microsoft Visual Studio Solution File, Format Version 12.00
# Visual Studio Version 16
VisualStudioVersion = 16.0.808.4
MinimumVisualStudioVersion = 10.0.40219.1
Project("{FAE04EC0-301F-11D3-BF4B-00C04F79EFBC}") = "lab5", "lab5\lab5.csproj", "{60469D93-5359-45C8-AEFC-A703CB4CE410}"
EndProject
Global
	GlobalSection(SolutionConfigurationPlatforms) = preSolution
		Debug|anycpu = Debug|anycpu
		Release|anycpu = Release|anycpu
	EndGlobalSection
	GlobalSection(ProjectConfigurationPlatforms) = postSolution
		{60469D93-5359-45C8-AEFC-A703CB4CE410}.Debug|anycpu.ActiveCfg = Debug|anycpu
		{60469D93-5359-45C8-AEFC-A703CB4CE410}.Debug|anycpu.Build.0 = Debug|anycpu
		{60469D93-5359-45C8-AEFC-A703CB4CE410}.Release|anycpu.ActiveCfg = Release|anycpu
		{60469D93-5359-45C8-AEFC-A703CB4CE410}.Release|anycpu.Build.0 = Release|anycpu
	EndGlobalSection
	GlobalSection(SolutionProperties) = preSolution
		HideSolutionNode = FALSE
	EndGlobalSection
	GlobalSection(ExtensibilityGlobals) = postSolution
		SolutionGuid = {CD09A42E-5AF3-4554-AFEF-83A387B96718}
	EndGlobalSection
EndGlobal
